// !$*UTF8*$!
{
	archiveVersion = 1;
	classes = {
	};
	objectVersion = 55;
	objects = {

/* Begin PBXBuildFile section */
		333F21D42929ACC00075EA40 /* AboutViewController.swift in Sources */ = {isa = PBXBuildFile; fileRef = 333F21D22929ACC00075EA40 /* AboutViewController.swift */; };
		333F21D52929ACC00075EA40 /* AboutViewController.xib in Resources */ = {isa = PBXBuildFile; fileRef = 333F21D32929ACC00075EA40 /* AboutViewController.xib */; };
		333F21D82929B2E70075EA40 /* AboutCoordinator.swift in Sources */ = {isa = PBXBuildFile; fileRef = 333F21D72929B2E70075EA40 /* AboutCoordinator.swift */; };
		3363A3742908A8120051B5E9 /* AppDelegate.swift in Sources */ = {isa = PBXBuildFile; fileRef = 3363A3732908A8120051B5E9 /* AppDelegate.swift */; };
		3363A3762908A8120051B5E9 /* SceneDelegate.swift in Sources */ = {isa = PBXBuildFile; fileRef = 3363A3752908A8120051B5E9 /* SceneDelegate.swift */; };
		3363A37E2908A8120051B5E9 /* ScoreCounter.xcdatamodeld in Sources */ = {isa = PBXBuildFile; fileRef = 3363A37C2908A8120051B5E9 /* ScoreCounter.xcdatamodeld */; };
		3363A3802908A8130051B5E9 /* Assets.xcassets in Resources */ = {isa = PBXBuildFile; fileRef = 3363A37F2908A8130051B5E9 /* Assets.xcassets */; };
		3363A3832908A8130051B5E9 /* LaunchScreen.storyboard in Resources */ = {isa = PBXBuildFile; fileRef = 3363A3812908A8130051B5E9 /* LaunchScreen.storyboard */; };
		3363A38B2908A9680051B5E9 /* MainViewController.swift in Sources */ = {isa = PBXBuildFile; fileRef = 3363A38A2908A9680051B5E9 /* MainViewController.swift */; };
		3363A38F2908AA780051B5E9 /* Coordinator.swift in Sources */ = {isa = PBXBuildFile; fileRef = 3363A38E2908AA780051B5E9 /* Coordinator.swift */; };
		3363A3912908ACBD0051B5E9 /* AppCoordinator.swift in Sources */ = {isa = PBXBuildFile; fileRef = 3363A3902908ACBD0051B5E9 /* AppCoordinator.swift */; };
		3363A3932908ADBE0051B5E9 /* MainCoordinator.swift in Sources */ = {isa = PBXBuildFile; fileRef = 3363A3922908ADBE0051B5E9 /* MainCoordinator.swift */; };
		3363A3962908C61B0051B5E9 /* GamesViewController.swift in Sources */ = {isa = PBXBuildFile; fileRef = 3363A3942908C61B0051B5E9 /* GamesViewController.swift */; };
		3363A3972908C61B0051B5E9 /* GamesViewController.xib in Resources */ = {isa = PBXBuildFile; fileRef = 3363A3952908C61B0051B5E9 /* GamesViewController.xib */; };
		3363A39B2908CF050051B5E9 /* GamesCoordinator.swift in Sources */ = {isa = PBXBuildFile; fileRef = 3363A39A2908CF050051B5E9 /* GamesCoordinator.swift */; };
		33A1ABF22922C305004A4670 /* CoreDataShared.swift in Sources */ = {isa = PBXBuildFile; fileRef = 33A1ABF12922C305004A4670 /* CoreDataShared.swift */; };
		33A77F512911DA15001BBAC6 /* ScoreTableViewCell.swift in Sources */ = {isa = PBXBuildFile; fileRef = 33A77F4F2911DA15001BBAC6 /* ScoreTableViewCell.swift */; };
		33A77F522911DA15001BBAC6 /* ScoreTableViewCell.xib in Resources */ = {isa = PBXBuildFile; fileRef = 33A77F502911DA15001BBAC6 /* ScoreTableViewCell.xib */; };
		33A77F542911ECF6001BBAC6 /* ScoreCoordinator.swift in Sources */ = {isa = PBXBuildFile; fileRef = 33A77F532911ECF6001BBAC6 /* ScoreCoordinator.swift */; };
		33D97849290B4BE800400F5D /* GamesViewModel.swift in Sources */ = {isa = PBXBuildFile; fileRef = 33D97848290B4BE800400F5D /* GamesViewModel.swift */; };
		33F4D0EF2925D85A00EDB482 /* reset.png in Resources */ = {isa = PBXBuildFile; fileRef = 33F4D0EE2925D85A00EDB482 /* reset.png */; };
		33F8D089291051BE00718077 /* GamesTableViewCell.swift in Sources */ = {isa = PBXBuildFile; fileRef = 33F8D087291051BE00718077 /* GamesTableViewCell.swift */; };
		33F8D08A291051BE00718077 /* GamesTableViewCell.xib in Resources */ = {isa = PBXBuildFile; fileRef = 33F8D088291051BE00718077 /* GamesTableViewCell.xib */; };
		33F8D08E2910707100718077 /* ScoreViewController.swift in Sources */ = {isa = PBXBuildFile; fileRef = 33F8D08C2910707100718077 /* ScoreViewController.swift */; };
		33F8D08F2910707100718077 /* ScoreViewController.xib in Resources */ = {isa = PBXBuildFile; fileRef = 33F8D08D2910707100718077 /* ScoreViewController.xib */; };
		33F8D091291071C300718077 /* ScoreModel.swift in Sources */ = {isa = PBXBuildFile; fileRef = 33F8D090291071C300718077 /* ScoreModel.swift */; };
/* End PBXBuildFile section */

/* Begin PBXFileReference section */
		333F21D22929ACC00075EA40 /* AboutViewController.swift */ = {isa = PBXFileReference; lastKnownFileType = sourcecode.swift; path = AboutViewController.swift; sourceTree = "<group>"; };
		333F21D32929ACC00075EA40 /* AboutViewController.xib */ = {isa = PBXFileReference; lastKnownFileType = file.xib; path = AboutViewController.xib; sourceTree = "<group>"; };
		333F21D72929B2E70075EA40 /* AboutCoordinator.swift */ = {isa = PBXFileReference; lastKnownFileType = sourcecode.swift; path = AboutCoordinator.swift; sourceTree = "<group>"; };
		3363A3702908A8120051B5E9 /* ScoreCounter.app */ = {isa = PBXFileReference; explicitFileType = wrapper.application; includeInIndex = 0; path = ScoreCounter.app; sourceTree = BUILT_PRODUCTS_DIR; };
		3363A3732908A8120051B5E9 /* AppDelegate.swift */ = {isa = PBXFileReference; lastKnownFileType = sourcecode.swift; path = AppDelegate.swift; sourceTree = "<group>"; };
		3363A3752908A8120051B5E9 /* SceneDelegate.swift */ = {isa = PBXFileReference; lastKnownFileType = sourcecode.swift; path = SceneDelegate.swift; sourceTree = "<group>"; };
		3363A37D2908A8120051B5E9 /* ScoreCounter.xcdatamodel */ = {isa = PBXFileReference; lastKnownFileType = wrapper.xcdatamodel; path = ScoreCounter.xcdatamodel; sourceTree = "<group>"; };
		3363A37F2908A8130051B5E9 /* Assets.xcassets */ = {isa = PBXFileReference; lastKnownFileType = folder.assetcatalog; path = Assets.xcassets; sourceTree = "<group>"; };
		3363A3822908A8130051B5E9 /* Base */ = {isa = PBXFileReference; lastKnownFileType = file.storyboard; name = Base; path = Base.lproj/LaunchScreen.storyboard; sourceTree = "<group>"; };
		3363A3842908A8130051B5E9 /* Info.plist */ = {isa = PBXFileReference; lastKnownFileType = text.plist.xml; path = Info.plist; sourceTree = "<group>"; };
		3363A38A2908A9680051B5E9 /* MainViewController.swift */ = {isa = PBXFileReference; lastKnownFileType = sourcecode.swift; path = MainViewController.swift; sourceTree = "<group>"; };
		3363A38E2908AA780051B5E9 /* Coordinator.swift */ = {isa = PBXFileReference; lastKnownFileType = sourcecode.swift; path = Coordinator.swift; sourceTree = "<group>"; };
		3363A3902908ACBD0051B5E9 /* AppCoordinator.swift */ = {isa = PBXFileReference; lastKnownFileType = sourcecode.swift; path = AppCoordinator.swift; sourceTree = "<group>"; };
		3363A3922908ADBE0051B5E9 /* MainCoordinator.swift */ = {isa = PBXFileReference; lastKnownFileType = sourcecode.swift; path = MainCoordinator.swift; sourceTree = "<group>"; };
		3363A3942908C61B0051B5E9 /* GamesViewController.swift */ = {isa = PBXFileReference; lastKnownFileType = sourcecode.swift; path = GamesViewController.swift; sourceTree = "<group>"; };
		3363A3952908C61B0051B5E9 /* GamesViewController.xib */ = {isa = PBXFileReference; lastKnownFileType = file.xib; path = GamesViewController.xib; sourceTree = "<group>"; };
		3363A39A2908CF050051B5E9 /* GamesCoordinator.swift */ = {isa = PBXFileReference; lastKnownFileType = sourcecode.swift; path = GamesCoordinator.swift; sourceTree = "<group>"; };
		33A1ABF12922C305004A4670 /* CoreDataShared.swift */ = {isa = PBXFileReference; lastKnownFileType = sourcecode.swift; path = CoreDataShared.swift; sourceTree = "<group>"; };
		33A77F4F2911DA15001BBAC6 /* ScoreTableViewCell.swift */ = {isa = PBXFileReference; lastKnownFileType = sourcecode.swift; path = ScoreTableViewCell.swift; sourceTree = "<group>"; };
		33A77F502911DA15001BBAC6 /* ScoreTableViewCell.xib */ = {isa = PBXFileReference; lastKnownFileType = file.xib; path = ScoreTableViewCell.xib; sourceTree = "<group>"; };
		33A77F532911ECF6001BBAC6 /* ScoreCoordinator.swift */ = {isa = PBXFileReference; lastKnownFileType = sourcecode.swift; path = ScoreCoordinator.swift; sourceTree = "<group>"; };
		33D97848290B4BE800400F5D /* GamesViewModel.swift */ = {isa = PBXFileReference; lastKnownFileType = sourcecode.swift; path = GamesViewModel.swift; sourceTree = "<group>"; };
		33F4D0EE2925D85A00EDB482 /* reset.png */ = {isa = PBXFileReference; lastKnownFileType = image.png; path = reset.png; sourceTree = "<group>"; };
		33F8D087291051BE00718077 /* GamesTableViewCell.swift */ = {isa = PBXFileReference; lastKnownFileType = sourcecode.swift; path = GamesTableViewCell.swift; sourceTree = "<group>"; };
		33F8D088291051BE00718077 /* GamesTableViewCell.xib */ = {isa = PBXFileReference; lastKnownFileType = file.xib; path = GamesTableViewCell.xib; sourceTree = "<group>"; };
		33F8D08C2910707100718077 /* ScoreViewController.swift */ = {isa = PBXFileReference; lastKnownFileType = sourcecode.swift; path = ScoreViewController.swift; sourceTree = "<group>"; };
		33F8D08D2910707100718077 /* ScoreViewController.xib */ = {isa = PBXFileReference; lastKnownFileType = file.xib; path = ScoreViewController.xib; sourceTree = "<group>"; };
		33F8D090291071C300718077 /* ScoreModel.swift */ = {isa = PBXFileReference; lastKnownFileType = sourcecode.swift; path = ScoreModel.swift; sourceTree = "<group>"; };
/* End PBXFileReference section */

/* Begin PBXFrameworksBuildPhase section */
		3363A36D2908A8120051B5E9 /* Frameworks */ = {
			isa = PBXFrameworksBuildPhase;
			buildActionMask = 2147483647;
			files = (
			);
			runOnlyForDeploymentPostprocessing = 0;
		};
/* End PBXFrameworksBuildPhase section */

/* Begin PBXGroup section */
		333F21D62929AE130075EA40 /* AboutScene */ = {
			isa = PBXGroup;
			children = (
				333F21D22929ACC00075EA40 /* AboutViewController.swift */,
				333F21D32929ACC00075EA40 /* AboutViewController.xib */,
				333F21D72929B2E70075EA40 /* AboutCoordinator.swift */,
			);
			path = AboutScene;
			sourceTree = "<group>";
		};
		3363A3672908A8120051B5E9 = {
			isa = PBXGroup;
			children = (
				3363A3722908A8120051B5E9 /* ScoreCounter */,
				3363A3712908A8120051B5E9 /* Products */,
			);
			sourceTree = "<group>";
		};
		3363A3712908A8120051B5E9 /* Products */ = {
			isa = PBXGroup;
			children = (
				3363A3702908A8120051B5E9 /* ScoreCounter.app */,
			);
			name = Products;
			sourceTree = "<group>";
		};
		3363A3722908A8120051B5E9 /* ScoreCounter */ = {
			isa = PBXGroup;
			children = (
				3363A3732908A8120051B5E9 /* AppDelegate.swift */,
				3363A3752908A8120051B5E9 /* SceneDelegate.swift */,
				33A1ABF12922C305004A4670 /* CoreDataShared.swift */,
				3363A3982908C6A90051B5E9 /* Scenes */,
				3363A38D2908AA470051B5E9 /* Coordinator */,
				3363A37F2908A8130051B5E9 /* Assets.xcassets */,
				33F4D0EE2925D85A00EDB482 /* reset.png */,
				3363A3812908A8130051B5E9 /* LaunchScreen.storyboard */,
				3363A3842908A8130051B5E9 /* Info.plist */,
				3363A37C2908A8120051B5E9 /* ScoreCounter.xcdatamodeld */,
			);
			path = ScoreCounter;
			sourceTree = "<group>";
		};
		3363A38C2908AA2F0051B5E9 /* MainView */ = {
			isa = PBXGroup;
			children = (
				3363A38A2908A9680051B5E9 /* MainViewController.swift */,
				3363A3922908ADBE0051B5E9 /* MainCoordinator.swift */,
			);
			path = MainView;
			sourceTree = "<group>";
		};
		3363A38D2908AA470051B5E9 /* Coordinator */ = {
			isa = PBXGroup;
			children = (
				3363A38E2908AA780051B5E9 /* Coordinator.swift */,
				3363A3902908ACBD0051B5E9 /* AppCoordinator.swift */,
			);
			path = Coordinator;
			sourceTree = "<group>";
		};
		3363A3982908C6A90051B5E9 /* Scenes */ = {
			isa = PBXGroup;
			children = (
				333F21D62929AE130075EA40 /* AboutScene */,
				33F8D08B2910702A00718077 /* ScoreScene */,
				3363A38C2908AA2F0051B5E9 /* MainView */,
				3363A3992908C6BF0051B5E9 /* GamesScene */,
			);
			name = Scenes;
			path = Coordinator;
			sourceTree = "<group>";
		};
		3363A3992908C6BF0051B5E9 /* GamesScene */ = {
			isa = PBXGroup;
			children = (
				3363A3942908C61B0051B5E9 /* GamesViewController.swift */,
				33F8D087291051BE00718077 /* GamesTableViewCell.swift */,
				33F8D088291051BE00718077 /* GamesTableViewCell.xib */,
				3363A3952908C61B0051B5E9 /* GamesViewController.xib */,
				33D97848290B4BE800400F5D /* GamesViewModel.swift */,
				3363A39A2908CF050051B5E9 /* GamesCoordinator.swift */,
			);
			path = GamesScene;
			sourceTree = "<group>";
		};
		33F8D08B2910702A00718077 /* ScoreScene */ = {
			isa = PBXGroup;
			children = (
				33F8D08C2910707100718077 /* ScoreViewController.swift */,
				33A77F532911ECF6001BBAC6 /* ScoreCoordinator.swift */,
				33F8D090291071C300718077 /* ScoreModel.swift */,
				33F8D08D2910707100718077 /* ScoreViewController.xib */,
				33A77F502911DA15001BBAC6 /* ScoreTableViewCell.xib */,
				33A77F4F2911DA15001BBAC6 /* ScoreTableViewCell.swift */,
			);
			path = ScoreScene;
			sourceTree = "<group>";
		};
/* End PBXGroup section */

/* Begin PBXNativeTarget section */
		3363A36F2908A8120051B5E9 /* ScoreCounter */ = {
			isa = PBXNativeTarget;
			buildConfigurationList = 3363A3872908A8130051B5E9 /* Build configuration list for PBXNativeTarget "ScoreCounter" */;
			buildPhases = (
				3363A36C2908A8120051B5E9 /* Sources */,
				3363A36D2908A8120051B5E9 /* Frameworks */,
				3363A36E2908A8120051B5E9 /* Resources */,
			);
			buildRules = (
			);
			dependencies = (
			);
			name = ScoreCounter;
			productName = ScoreCounter;
			productReference = 3363A3702908A8120051B5E9 /* ScoreCounter.app */;
			productType = "com.apple.product-type.application";
		};
/* End PBXNativeTarget section */

/* Begin PBXProject section */
		3363A3682908A8120051B5E9 /* Project object */ = {
			isa = PBXProject;
			attributes = {
				BuildIndependentTargetsInParallel = 1;
				LastSwiftUpdateCheck = 1320;
				LastUpgradeCheck = 1320;
				TargetAttributes = {
					3363A36F2908A8120051B5E9 = {
						CreatedOnToolsVersion = 13.2.1;
					};
				};
			};
			buildConfigurationList = 3363A36B2908A8120051B5E9 /* Build configuration list for PBXProject "ScoreCounter" */;
			compatibilityVersion = "Xcode 13.0";
			developmentRegion = en;
			hasScannedForEncodings = 0;
			knownRegions = (
				en,
				Base,
			);
			mainGroup = 3363A3672908A8120051B5E9;
			productRefGroup = 3363A3712908A8120051B5E9 /* Products */;
			projectDirPath = "";
			projectRoot = "";
			targets = (
				3363A36F2908A8120051B5E9 /* ScoreCounter */,
			);
		};
/* End PBXProject section */

/* Begin PBXResourcesBuildPhase section */
		3363A36E2908A8120051B5E9 /* Resources */ = {
			isa = PBXResourcesBuildPhase;
			buildActionMask = 2147483647;
			files = (
				33F4D0EF2925D85A00EDB482 /* reset.png in Resources */,
				33A77F522911DA15001BBAC6 /* ScoreTableViewCell.xib in Resources */,
				333F21D52929ACC00075EA40 /* AboutViewController.xib in Resources */,
				3363A3832908A8130051B5E9 /* LaunchScreen.storyboard in Resources */,
				3363A3802908A8130051B5E9 /* Assets.xcassets in Resources */,
				3363A3972908C61B0051B5E9 /* GamesViewController.xib in Resources */,
				33F8D08F2910707100718077 /* ScoreViewController.xib in Resources */,
				33F8D08A291051BE00718077 /* GamesTableViewCell.xib in Resources */,
			);
			runOnlyForDeploymentPostprocessing = 0;
		};
/* End PBXResourcesBuildPhase section */

/* Begin PBXSourcesBuildPhase section */
		3363A36C2908A8120051B5E9 /* Sources */ = {
			isa = PBXSourcesBuildPhase;
			buildActionMask = 2147483647;
			files = (
				33A77F542911ECF6001BBAC6 /* ScoreCoordinator.swift in Sources */,
				3363A3932908ADBE0051B5E9 /* MainCoordinator.swift in Sources */,
				3363A37E2908A8120051B5E9 /* ScoreCounter.xcdatamodeld in Sources */,
				3363A38F2908AA780051B5E9 /* Coordinator.swift in Sources */,
				33A1ABF22922C305004A4670 /* CoreDataShared.swift in Sources */,
				3363A3962908C61B0051B5E9 /* GamesViewController.swift in Sources */,
				33F8D08E2910707100718077 /* ScoreViewController.swift in Sources */,
				33D97849290B4BE800400F5D /* GamesViewModel.swift in Sources */,
				3363A3742908A8120051B5E9 /* AppDelegate.swift in Sources */,
				333F21D42929ACC00075EA40 /* AboutViewController.swift in Sources */,
				33F8D089291051BE00718077 /* GamesTableViewCell.swift in Sources */,
				3363A39B2908CF050051B5E9 /* GamesCoordinator.swift in Sources */,
				333F21D82929B2E70075EA40 /* AboutCoordinator.swift in Sources */,
				33A77F512911DA15001BBAC6 /* ScoreTableViewCell.swift in Sources */,
				33F8D091291071C300718077 /* ScoreModel.swift in Sources */,
				3363A3762908A8120051B5E9 /* SceneDelegate.swift in Sources */,
				3363A38B2908A9680051B5E9 /* MainViewController.swift in Sources */,
				3363A3912908ACBD0051B5E9 /* AppCoordinator.swift in Sources */,
			);
			runOnlyForDeploymentPostprocessing = 0;
		};
/* End PBXSourcesBuildPhase section */

/* Begin PBXVariantGroup section */
		3363A3812908A8130051B5E9 /* LaunchScreen.storyboard */ = {
			isa = PBXVariantGroup;
			children = (
				3363A3822908A8130051B5E9 /* Base */,
			);
			name = LaunchScreen.storyboard;
			sourceTree = "<group>";
		};
/* End PBXVariantGroup section */

/* Begin XCBuildConfiguration section */
		3363A3852908A8130051B5E9 /* Debug */ = {
			isa = XCBuildConfiguration;
			buildSettings = {
				ALWAYS_SEARCH_USER_PATHS = NO;
				CLANG_ANALYZER_NONNULL = YES;
				CLANG_ANALYZER_NUMBER_OBJECT_CONVERSION = YES_AGGRESSIVE;
				CLANG_CXX_LANGUAGE_STANDARD = "gnu++17";
				CLANG_CXX_LIBRARY = "libc++";
				CLANG_ENABLE_MODULES = YES;
				CLANG_ENABLE_OBJC_ARC = YES;
				CLANG_ENABLE_OBJC_WEAK = YES;
				CLANG_WARN_BLOCK_CAPTURE_AUTORELEASING = YES;
				CLANG_WARN_BOOL_CONVERSION = YES;
				CLANG_WARN_COMMA = YES;
				CLANG_WARN_CONSTANT_CONVERSION = YES;
				CLANG_WARN_DEPRECATED_OBJC_IMPLEMENTATIONS = YES;
				CLANG_WARN_DIRECT_OBJC_ISA_USAGE = YES_ERROR;
				CLANG_WARN_DOCUMENTATION_COMMENTS = YES;
				CLANG_WARN_EMPTY_BODY = YES;
				CLANG_WARN_ENUM_CONVERSION = YES;
				CLANG_WARN_INFINITE_RECURSION = YES;
				CLANG_WARN_INT_CONVERSION = YES;
				CLANG_WARN_NON_LITERAL_NULL_CONVERSION = YES;
				CLANG_WARN_OBJC_IMPLICIT_RETAIN_SELF = YES;
				CLANG_WARN_OBJC_LITERAL_CONVERSION = YES;
				CLANG_WARN_OBJC_ROOT_CLASS = YES_ERROR;
				CLANG_WARN_QUOTED_INCLUDE_IN_FRAMEWORK_HEADER = YES;
				CLANG_WARN_RANGE_LOOP_ANALYSIS = YES;
				CLANG_WARN_STRICT_PROTOTYPES = YES;
				CLANG_WARN_SUSPICIOUS_MOVE = YES;
				CLANG_WARN_UNGUARDED_AVAILABILITY = YES_AGGRESSIVE;
				CLANG_WARN_UNREACHABLE_CODE = YES;
				CLANG_WARN__DUPLICATE_METHOD_MATCH = YES;
				COPY_PHASE_STRIP = NO;
				DEBUG_INFORMATION_FORMAT = dwarf;
				ENABLE_STRICT_OBJC_MSGSEND = YES;
				ENABLE_TESTABILITY = YES;
				GCC_C_LANGUAGE_STANDARD = gnu11;
				GCC_DYNAMIC_NO_PIC = NO;
				GCC_NO_COMMON_BLOCKS = YES;
				GCC_OPTIMIZATION_LEVEL = 0;
				GCC_PREPROCESSOR_DEFINITIONS = (
					"DEBUG=1",
					"$(inherited)",
				);
				GCC_WARN_64_TO_32_BIT_CONVERSION = YES;
				GCC_WARN_ABOUT_RETURN_TYPE = YES_ERROR;
				GCC_WARN_UNDECLARED_SELECTOR = YES;
				GCC_WARN_UNINITIALIZED_AUTOS = YES_AGGRESSIVE;
				GCC_WARN_UNUSED_FUNCTION = YES;
				GCC_WARN_UNUSED_VARIABLE = YES;
				IPHONEOS_DEPLOYMENT_TARGET = 15.2;
				MTL_ENABLE_DEBUG_INFO = INCLUDE_SOURCE;
				MTL_FAST_MATH = YES;
				ONLY_ACTIVE_ARCH = YES;
				SDKROOT = iphoneos;
				SWIFT_ACTIVE_COMPILATION_CONDITIONS = DEBUG;
				SWIFT_OPTIMIZATION_LEVEL = "-Onone";
			};
			name = Debug;
		};
		3363A3862908A8130051B5E9 /* Release */ = {
			isa = XCBuildConfiguration;
			buildSettings = {
				ALWAYS_SEARCH_USER_PATHS = NO;
				CLANG_ANALYZER_NONNULL = YES;
				CLANG_ANALYZER_NUMBER_OBJECT_CONVERSION = YES_AGGRESSIVE;
				CLANG_CXX_LANGUAGE_STANDARD = "gnu++17";
				CLANG_CXX_LIBRARY = "libc++";
				CLANG_ENABLE_MODULES = YES;
				CLANG_ENABLE_OBJC_ARC = YES;
				CLANG_ENABLE_OBJC_WEAK = YES;
				CLANG_WARN_BLOCK_CAPTURE_AUTORELEASING = YES;
				CLANG_WARN_BOOL_CONVERSION = YES;
				CLANG_WARN_COMMA = YES;
				CLANG_WARN_CONSTANT_CONVERSION = YES;
				CLANG_WARN_DEPRECATED_OBJC_IMPLEMENTATIONS = YES;
				CLANG_WARN_DIRECT_OBJC_ISA_USAGE = YES_ERROR;
				CLANG_WARN_DOCUMENTATION_COMMENTS = YES;
				CLANG_WARN_EMPTY_BODY = YES;
				CLANG_WARN_ENUM_CONVERSION = YES;
				CLANG_WARN_INFINITE_RECURSION = YES;
				CLANG_WARN_INT_CONVERSION = YES;
				CLANG_WARN_NON_LITERAL_NULL_CONVERSION = YES;
				CLANG_WARN_OBJC_IMPLICIT_RETAIN_SELF = YES;
				CLANG_WARN_OBJC_LITERAL_CONVERSION = YES;
				CLANG_WARN_OBJC_ROOT_CLASS = YES_ERROR;
				CLANG_WARN_QUOTED_INCLUDE_IN_FRAMEWORK_HEADER = YES;
				CLANG_WARN_RANGE_LOOP_ANALYSIS = YES;
				CLANG_WARN_STRICT_PROTOTYPES = YES;
				CLANG_WARN_SUSPICIOUS_MOVE = YES;
				CLANG_WARN_UNGUARDED_AVAILABILITY = YES_AGGRESSIVE;
				CLANG_WARN_UNREACHABLE_CODE = YES;
				CLANG_WARN__DUPLICATE_METHOD_MATCH = YES;
				COPY_PHASE_STRIP = NO;
				DEBUG_INFORMATION_FORMAT = "dwarf-with-dsym";
				ENABLE_NS_ASSERTIONS = NO;
				ENABLE_STRICT_OBJC_MSGSEND = YES;
				GCC_C_LANGUAGE_STANDARD = gnu11;
				GCC_NO_COMMON_BLOCKS = YES;
				GCC_WARN_64_TO_32_BIT_CONVERSION = YES;
				GCC_WARN_ABOUT_RETURN_TYPE = YES_ERROR;
				GCC_WARN_UNDECLARED_SELECTOR = YES;
				GCC_WARN_UNINITIALIZED_AUTOS = YES_AGGRESSIVE;
				GCC_WARN_UNUSED_FUNCTION = YES;
				GCC_WARN_UNUSED_VARIABLE = YES;
				IPHONEOS_DEPLOYMENT_TARGET = 15.2;
				MTL_ENABLE_DEBUG_INFO = NO;
				MTL_FAST_MATH = YES;
				SDKROOT = iphoneos;
				SWIFT_COMPILATION_MODE = wholemodule;
				SWIFT_OPTIMIZATION_LEVEL = "-O";
				VALIDATE_PRODUCT = YES;
			};
			name = Release;
		};
		3363A3882908A8130051B5E9 /* Debug */ = {
			isa = XCBuildConfiguration;
			buildSettings = {
				ASSETCATALOG_COMPILER_APPICON_NAME = AppIcon;
				ASSETCATALOG_COMPILER_GLOBAL_ACCENT_COLOR_NAME = AccentColor;
				CODE_SIGN_STYLE = Automatic;
				CURRENT_PROJECT_VERSION = 1;
				DEVELOPMENT_TEAM = L83QN8FS8U;
				GENERATE_INFOPLIST_FILE = YES;
				INFOPLIST_FILE = ScoreCounter/Info.plist;
				INFOPLIST_KEY_UIApplicationSupportsIndirectInputEvents = YES;
				INFOPLIST_KEY_UILaunchStoryboardName = LaunchScreen;
				INFOPLIST_KEY_UISupportedInterfaceOrientations_iPad = "UIInterfaceOrientationPortrait UIInterfaceOrientationPortraitUpsideDown UIInterfaceOrientationLandscapeLeft UIInterfaceOrientationLandscapeRight";
				INFOPLIST_KEY_UISupportedInterfaceOrientations_iPhone = "UIInterfaceOrientationPortrait UIInterfaceOrientationLandscapeLeft UIInterfaceOrientationLandscapeRight";
				LD_RUNPATH_SEARCH_PATHS = (
					"$(inherited)",
					"@executable_path/Frameworks",
				);
				MARKETING_VERSION = 1.0;
				PRODUCT_BUNDLE_IDENTIFIER = com.silva.ScoreCounter;
				PRODUCT_NAME = "$(TARGET_NAME)";
				SWIFT_EMIT_LOC_STRINGS = YES;
				SWIFT_VERSION = 5.0;
				TARGETED_DEVICE_FAMILY = 1;
			};
			name = Debug;
		};
		3363A3892908A8130051B5E9 /* Release */ = {
			isa = XCBuildConfiguration;
			buildSettings = {
				ASSETCATALOG_COMPILER_APPICON_NAME = AppIcon;
				ASSETCATALOG_COMPILER_GLOBAL_ACCENT_COLOR_NAME = AccentColor;
				CODE_SIGN_STYLE = Automatic;
				CURRENT_PROJECT_VERSION = 1;
				DEVELOPMENT_TEAM = L83QN8FS8U;
				GENERATE_INFOPLIST_FILE = YES;
				INFOPLIST_FILE = ScoreCounter/Info.plist;
				INFOPLIST_KEY_UIApplicationSupportsIndirectInputEvents = YES;
				INFOPLIST_KEY_UILaunchStoryboardName = LaunchScreen;
				INFOPLIST_KEY_UISupportedInterfaceOrientations_iPad = "UIInterfaceOrientationPortrait UIInterfaceOrientationPortraitUpsideDown UIInterfaceOrientationLandscapeLeft UIInterfaceOrientationLandscapeRight";
				INFOPLIST_KEY_UISupportedInterfaceOrientations_iPhone = "UIInterfaceOrientationPortrait UIInterfaceOrientationLandscapeLeft UIInterfaceOrientationLandscapeRight";
				LD_RUNPATH_SEARCH_PATHS = (
					"$(inherited)",
					"@executable_path/Frameworks",
				);
				MARKETING_VERSION = 1.0;
				PRODUCT_BUNDLE_IDENTIFIER = com.silva.ScoreCounter;
				PRODUCT_NAME = "$(TARGET_NAME)";
				SWIFT_EMIT_LOC_STRINGS = YES;
				SWIFT_VERSION = 5.0;
				TARGETED_DEVICE_FAMILY = 1;
			};
			name = Release;
		};
/* End XCBuildConfiguration section */

/* Begin XCConfigurationList section */
		3363A36B2908A8120051B5E9 /* Build configuration list for PBXProject "ScoreCounter" */ = {
			isa = XCConfigurationList;
			buildConfigurations = (
				3363A3852908A8130051B5E9 /* Debug */,
				3363A3862908A8130051B5E9 /* Release */,
			);
			defaultConfigurationIsVisible = 0;
			defaultConfigurationName = Release;
		};
		3363A3872908A8130051B5E9 /* Build configuration list for PBXNativeTarget "ScoreCounter" */ = {
			isa = XCConfigurationList;
			buildConfigurations = (
				3363A3882908A8130051B5E9 /* Debug */,
				3363A3892908A8130051B5E9 /* Release */,
			);
			defaultConfigurationIsVisible = 0;
			defaultConfigurationName = Release;
		};
/* End XCConfigurationList section */

/* Begin XCVersionGroup section */
		3363A37C2908A8120051B5E9 /* ScoreCounter.xcdatamodeld */ = {
			isa = XCVersionGroup;
			children = (
				3363A37D2908A8120051B5E9 /* ScoreCounter.xcdatamodel */,
			);
			currentVersion = 3363A37D2908A8120051B5E9 /* ScoreCounter.xcdatamodel */;
			path = ScoreCounter.xcdatamodeld;
			sourceTree = "<group>";
			versionGroupType = wrapper.xcdatamodel;
		};
/* End XCVersionGroup section */
	};
	rootObject = 3363A3682908A8120051B5E9 /* Project object */;
}
